{
  "object": {
    "pins": [
      {
        "package": "Android",
        "repositoryURL": "https://github.com/PureSwift/Android.git",
        "state": {
          "branch": "master",
          "revision": "937413a8f7f741466850eb792f4f162378bb7b65",
          "version": null
        }
      },
      {
        "package": "CJavaVM",
        "repositoryURL": "https://github.com/PureSwift/CJavaVM.git",
        "state": {
          "branch": "master",
          "revision": "3b19893aa50a724c467d341c482087c30323b190",
          "version": null
        }
      },
      {
        "package": "java_lang",
        "repositoryURL": "https://github.com/PureSwift/java_lang.git",
        "state": {
          "branch": "master",
          "revision": "e308632de721a79119b4a76e3b62faf5893d4cad",
          "version": null
        }
      },
      {
        "package": "java_swift",
        "repositoryURL": "https://github.com/PureSwift/java_swift.git",
        "state": {
          "branch": "master",
          "revision": "65deecc81042d0839a7496450109cafd2a0e1741",
          "version": null
        }
      },
      {
        "package": "java_util",
        "repositoryURL": "https://github.com/PureSwift/java_util.git",
        "state": {
          "branch": "master",
          "revision": "5cad067437a2567ffcf0ba9ea1c2f19d8b414d61",
          "version": null
        }
      },
      {
        "package": "JNI",
        "repositoryURL": "https://github.com/PureSwift/JNI.git",
        "state": {
          "branch": "master",
          "revision": "29239efbdd3370dc17f06f9df5380ecd2997370c",
          "version": null
        }
      }
    ]
  },
  "version": 1
}
