{
  "object": {
    "pins": [
      {
        "package": "Android",
        "repositoryURL": "https://github.com/PureSwift/Android.git",
        "state": {
          "branch": "master",
          "revision": "9a88527ddb64d41e22aec87f499df8d273f18acb",
          "version": null
        }
      },
      {
        "package": "CJavaVM",
        "repositoryURL": "https://github.com/SwiftJava/CJavaVM.git",
        "state": {
          "branch": null,
          "revision": "18c304400b1043b79529d7987ece858ed46aa232",
          "version": "2.4.0"
        }
      },
      {
        "package": "java_lang",
        "repositoryURL": "https://github.com/SwiftJava/java_lang.git",
        "state": {
          "branch": null,
          "revision": "2617a2065e53fe0a1cf1151d3ccf40a435a3eeb8",
          "version": "2.4.0"
        }
      },
      {
        "package": "java_swift",
        "repositoryURL": "https://github.com/SwiftJava/java_swift.git",
        "state": {
          "branch": null,
          "revision": "6172ff68d6fc575f3f4b9adc2bc8e1362f1b1dd9",
          "version": "2.4.0"
        }
      },
      {
        "package": "java_util",
        "repositoryURL": "https://github.com/SwiftJava/java_util.git",
        "state": {
          "branch": "master",
          "revision": "faf8e50be4ee3059d4f6da6ba7f0ec7ba2bea7e9",
          "version": null
        }
      },
      {
        "package": "JNI",
        "repositoryURL": "https://github.com/PureSwift/JNI.git",
        "state": {
          "branch": "master",
          "revision": "66ba5d594d654c4565dc7873e7daa5a60ce814ad",
          "version": null
        }
      }
    ]
  },
  "version": 1
}
